
Microsoft Visual Studio Solution File, Format Version 12.00
# Visual Studio Version 16
VisualStudioVersion = 16.0.28803.202
MinimumVisualStudioVersion = 10.0.40219.1
Project("{FAE04EC0-301F-11D3-BF4B-00C04F79EFBC}") = "RestFulApi", "RestFulApi\RestFulApi.csproj", "{F7272F4A-FF4E-4038-B6BA-6BA007ACBE37}"
EndProject
Global
	GlobalSection(SolutionConfigurationPlatforms) = preSolution
		Debug|Any CPU = Debug|Any CPU
		Release|Any CPU = Release|Any CPU
	EndGlobalSection
	GlobalSection(ProjectConfigurationPlatforms) = postSolution
		{F7272F4A-FF4E-4038-B6BA-6BA007ACBE37}.Debug|Any CPU.ActiveCfg = Debug|Any CPU
		{F7272F4A-FF4E-4038-B6BA-6BA007ACBE37}.Debug|Any CPU.Build.0 = Debug|Any CPU
		{F7272F4A-FF4E-4038-B6BA-6BA007ACBE37}.Release|Any CPU.ActiveCfg = Release|Any CPU
		{F7272F4A-FF4E-4038-B6BA-6BA007ACBE37}.Release|Any CPU.Build.0 = Release|Any CPU
	EndGlobalSection
	GlobalSection(SolutionProperties) = preSolution
		HideSolutionNode = FALSE
	EndGlobalSection
	GlobalSection(ExtensibilityGlobals) = postSolution
		SolutionGuid = {6659D538-6E44-4D71-AB96-11B84B9D4041}
	EndGlobalSection
EndGlobal
